// !$*UTF8*$!
{
	archiveVersion = 1;
	classes = {
	};
	objectVersion = 46;
	objects = {

/* Begin PBXBuildFile section */
		8464AA631AF7B5510021F75A /* AppDelegate.swift in Sources */ = {isa = PBXBuildFile; fileRef = 8464AA621AF7B5510021F75A /* AppDelegate.swift */; };
		8464AA651AF7B5510021F75A /* ViewController.swift in Sources */ = {isa = PBXBuildFile; fileRef = 8464AA641AF7B5510021F75A /* ViewController.swift */; };
		8464AA681AF7B5510021F75A /* Main.storyboard in Resources */ = {isa = PBXBuildFile; fileRef = 8464AA661AF7B5510021F75A /* Main.storyboard */; };
		8464AA6A1AF7B5510021F75A /* Images.xcassets in Resources */ = {isa = PBXBuildFile; fileRef = 8464AA691AF7B5510021F75A /* Images.xcassets */; };
		8464AA6D1AF7B5510021F75A /* LaunchScreen.xib in Resources */ = {isa = PBXBuildFile; fileRef = 8464AA6B1AF7B5510021F75A /* LaunchScreen.xib */; };
		8464AA791AF7B5510021F75A /* drawerTests.swift in Sources */ = {isa = PBXBuildFile; fileRef = 8464AA781AF7B5510021F75A /* drawerTests.swift */; };
		8464AA831AF7BF4F0021F75A /* DrawView.swift in Sources */ = {isa = PBXBuildFile; fileRef = 8464AA821AF7BF4F0021F75A /* DrawView.swift */; };
		8464AA851AF7C14F0021F75A /* Line.swift in Sources */ = {isa = PBXBuildFile; fileRef = 8464AA841AF7C14F0021F75A /* Line.swift */; };
/* End PBXBuildFile section */

/* Begin PBXContainerItemProxy section */
		8464AA731AF7B5510021F75A /* PBXContainerItemProxy */ = {
			isa = PBXContainerItemProxy;
			containerPortal = 8464AA551AF7B5500021F75A /* Project object */;
			proxyType = 1;
			remoteGlobalIDString = 8464AA5C1AF7B5500021F75A;
			remoteInfo = drawer;
		};
/* End PBXContainerItemProxy section */

/* Begin PBXFileReference section */
		8464AA5D1AF7B5510021F75A /* drawer.app */ = {isa = PBXFileReference; explicitFileType = wrapper.application; includeInIndex = 0; path = drawer.app; sourceTree = BUILT_PRODUCTS_DIR; };
		8464AA611AF7B5510021F75A /* Info.plist */ = {isa = PBXFileReference; lastKnownFileType = text.plist.xml; path = Info.plist; sourceTree = "<group>"; };
		8464AA621AF7B5510021F75A /* AppDelegate.swift */ = {isa = PBXFileReference; lastKnownFileType = sourcecode.swift; path = AppDelegate.swift; sourceTree = "<group>"; };
		8464AA641AF7B5510021F75A /* ViewController.swift */ = {isa = PBXFileReference; lastKnownFileType = sourcecode.swift; path = ViewController.swift; sourceTree = "<group>"; };
		8464AA671AF7B5510021F75A /* Base */ = {isa = PBXFileReference; lastKnownFileType = file.storyboard; name = Base; path = Base.lproj/Main.storyboard; sourceTree = "<group>"; };
		8464AA691AF7B5510021F75A /* Images.xcassets */ = {isa = PBXFileReference; lastKnownFileType = folder.assetcatalog; path = Images.xcassets; sourceTree = "<group>"; };
		8464AA6C1AF7B5510021F75A /* Base */ = {isa = PBXFileReference; lastKnownFileType = file.xib; name = Base; path = Base.lproj/LaunchScreen.xib; sourceTree = "<group>"; };
		8464AA721AF7B5510021F75A /* drawerTests.xctest */ = {isa = PBXFileReference; explicitFileType = wrapper.cfbundle; includeInIndex = 0; path = drawerTests.xctest; sourceTree = BUILT_PRODUCTS_DIR; };
		8464AA771AF7B5510021F75A /* Info.plist */ = {isa = PBXFileReference; lastKnownFileType = text.plist.xml; path = Info.plist; sourceTree = "<group>"; };
		8464AA781AF7B5510021F75A /* drawerTests.swift */ = {isa = PBXFileReference; lastKnownFileType = sourcecode.swift; path = drawerTests.swift; sourceTree = "<group>"; };
		8464AA821AF7BF4F0021F75A /* DrawView.swift */ = {isa = PBXFileReference; fileEncoding = 4; lastKnownFileType = sourcecode.swift; path = DrawView.swift; sourceTree = "<group>"; };
		8464AA841AF7C14F0021F75A /* Line.swift */ = {isa = PBXFileReference; fileEncoding = 4; lastKnownFileType = sourcecode.swift; path = Line.swift; sourceTree = "<group>"; };
/* End PBXFileReference section */

/* Begin PBXFrameworksBuildPhase section */
		8464AA5A1AF7B5500021F75A /* Frameworks */ = {
			isa = PBXFrameworksBuildPhase;
			buildActionMask = 2147483647;
			files = (
			);
			runOnlyForDeploymentPostprocessing = 0;
		};
		8464AA6F1AF7B5510021F75A /* Frameworks */ = {
			isa = PBXFrameworksBuildPhase;
			buildActionMask = 2147483647;
			files = (
			);
			runOnlyForDeploymentPostprocessing = 0;
		};
/* End PBXFrameworksBuildPhase section */

/* Begin PBXGroup section */
		8464AA541AF7B5500021F75A = {
			isa = PBXGroup;
			children = (
				8464AA5F1AF7B5510021F75A /* drawer */,
				8464AA751AF7B5510021F75A /* drawerTests */,
				8464AA5E1AF7B5510021F75A /* Products */,
			);
			sourceTree = "<group>";
		};
		8464AA5E1AF7B5510021F75A /* Products */ = {
			isa = PBXGroup;
			children = (
				8464AA5D1AF7B5510021F75A /* drawer.app */,
				8464AA721AF7B5510021F75A /* drawerTests.xctest */,
			);
			name = Products;
			sourceTree = "<group>";
		};
		8464AA5F1AF7B5510021F75A /* drawer */ = {
			isa = PBXGroup;
			children = (
				8464AA621AF7B5510021F75A /* AppDelegate.swift */,
				8464AA641AF7B5510021F75A /* ViewController.swift */,
				8464AA821AF7BF4F0021F75A /* DrawView.swift */,
				8464AA841AF7C14F0021F75A /* Line.swift */,
				8464AA661AF7B5510021F75A /* Main.storyboard */,
				8464AA691AF7B5510021F75A /* Images.xcassets */,
				8464AA6B1AF7B5510021F75A /* LaunchScreen.xib */,
				8464AA601AF7B5510021F75A /* Supporting Files */,
			);
			path = drawer;
			sourceTree = "<group>";
		};
		8464AA601AF7B5510021F75A /* Supporting Files */ = {
			isa = PBXGroup;
			children = (
				8464AA611AF7B5510021F75A /* Info.plist */,
			);
			name = "Supporting Files";
			sourceTree = "<group>";
		};
		8464AA751AF7B5510021F75A /* drawerTests */ = {
			isa = PBXGroup;
			children = (
				8464AA781AF7B5510021F75A /* drawerTests.swift */,
				8464AA761AF7B5510021F75A /* Supporting Files */,
			);
			path = drawerTests;
			sourceTree = "<group>";
		};
		8464AA761AF7B5510021F75A /* Supporting Files */ = {
			isa = PBXGroup;
			children = (
				8464AA771AF7B5510021F75A /* Info.plist */,
			);
			name = "Supporting Files";
			sourceTree = "<group>";
		};
/* End PBXGroup section */

/* Begin PBXNativeTarget section */
		8464AA5C1AF7B5500021F75A /* drawer */ = {
			isa = PBXNativeTarget;
			buildConfigurationList = 8464AA7C1AF7B5510021F75A /* Build configuration list for PBXNativeTarget "drawer" */;
			buildPhases = (
				8464AA591AF7B5500021F75A /* Sources */,
				8464AA5A1AF7B5500021F75A /* Frameworks */,
				8464AA5B1AF7B5500021F75A /* Resources */,
			);
			buildRules = (
			);
			dependencies = (
			);
			name = drawer;
			productName = drawer;
			productReference = 8464AA5D1AF7B5510021F75A /* drawer.app */;
			productType = "com.apple.product-type.application";
		};
		8464AA711AF7B5510021F75A /* drawerTests */ = {
			isa = PBXNativeTarget;
			buildConfigurationList = 8464AA7F1AF7B5510021F75A /* Build configuration list for PBXNativeTarget "drawerTests" */;
			buildPhases = (
				8464AA6E1AF7B5510021F75A /* Sources */,
				8464AA6F1AF7B5510021F75A /* Frameworks */,
				8464AA701AF7B5510021F75A /* Resources */,
			);
			buildRules = (
			);
			dependencies = (
				8464AA741AF7B5510021F75A /* PBXTargetDependency */,
			);
			name = drawerTests;
			productName = drawerTests;
			productReference = 8464AA721AF7B5510021F75A /* drawerTests.xctest */;
			productType = "com.apple.product-type.bundle.unit-test";
		};
/* End PBXNativeTarget section */

/* Begin PBXProject section */
		8464AA551AF7B5500021F75A /* Project object */ = {
			isa = PBXProject;
			attributes = {
				LastUpgradeCheck = 0630;
				ORGANIZATIONNAME = MIPT;
				TargetAttributes = {
					8464AA5C1AF7B5500021F75A = {
						CreatedOnToolsVersion = 6.3.1;
					};
					8464AA711AF7B5510021F75A = {
						CreatedOnToolsVersion = 6.3.1;
						TestTargetID = 8464AA5C1AF7B5500021F75A;
					};
				};
			};
			buildConfigurationList = 8464AA581AF7B5500021F75A /* Build configuration list for PBXProject "drawer" */;
			compatibilityVersion = "Xcode 3.2";
			developmentRegion = English;
			hasScannedForEncodings = 0;
			knownRegions = (
				en,
				Base,
			);
			mainGroup = 8464AA541AF7B5500021F75A;
			productRefGroup = 8464AA5E1AF7B5510021F75A /* Products */;
			projectDirPath = "";
			projectRoot = "";
			targets = (
				8464AA5C1AF7B5500021F75A /* drawer */,
				8464AA711AF7B5510021F75A /* drawerTests */,
			);
		};
/* End PBXProject section */

/* Begin PBXResourcesBuildPhase section */
		8464AA5B1AF7B5500021F75A /* Resources */ = {
			isa = PBXResourcesBuildPhase;
			buildActionMask = 2147483647;
			files = (
				8464AA681AF7B5510021F75A /* Main.storyboard in Resources */,
				8464AA6D1AF7B5510021F75A /* LaunchScreen.xib in Resources */,
				8464AA6A1AF7B5510021F75A /* Images.xcassets in Resources */,
			);
			runOnlyForDeploymentPostprocessing = 0;
		};
		8464AA701AF7B5510021F75A /* Resources */ = {
			isa = PBXResourcesBuildPhase;
			buildActionMask = 2147483647;
			files = (
			);
			runOnlyForDeploymentPostprocessing = 0;
		};
/* End PBXResourcesBuildPhase section */

/* Begin PBXSourcesBuildPhase section */
		8464AA591AF7B5500021F75A /* Sources */ = {
			isa = PBXSourcesBuildPhase;
			buildActionMask = 2147483647;
			files = (
				8464AA831AF7BF4F0021F75A /* DrawView.swift in Sources */,
				8464AA851AF7C14F0021F75A /* Line.swift in Sources */,
				8464AA651AF7B5510021F75A /* ViewController.swift in Sources */,
				8464AA631AF7B5510021F75A /* AppDelegate.swift in Sources */,
			);
			runOnlyForDeploymentPostprocessing = 0;
		};
		8464AA6E1AF7B5510021F75A /* Sources */ = {
			isa = PBXSourcesBuildPhase;
			buildActionMask = 2147483647;
			files = (
				8464AA791AF7B5510021F75A /* drawerTests.swift in Sources */,
			);
			runOnlyForDeploymentPostprocessing = 0;
		};
/* End PBXSourcesBuildPhase section */

/* Begin PBXTargetDependency section */
		8464AA741AF7B5510021F75A /* PBXTargetDependency */ = {
			isa = PBXTargetDependency;
			target = 8464AA5C1AF7B5500021F75A /* drawer */;
			targetProxy = 8464AA731AF7B5510021F75A /* PBXContainerItemProxy */;
		};
/* End PBXTargetDependency section */

/* Begin PBXVariantGroup section */
		8464AA661AF7B5510021F75A /* Main.storyboard */ = {
			isa = PBXVariantGroup;
			children = (
				8464AA671AF7B5510021F75A /* Base */,
			);
			name = Main.storyboard;
			sourceTree = "<group>";
		};
		8464AA6B1AF7B5510021F75A /* LaunchScreen.xib */ = {
			isa = PBXVariantGroup;
			children = (
				8464AA6C1AF7B5510021F75A /* Base */,
			);
			name = LaunchScreen.xib;
			sourceTree = "<group>";
		};
/* End PBXVariantGroup section */

/* Begin XCBuildConfiguration section */
		8464AA7A1AF7B5510021F75A /* Debug */ = {
			isa = XCBuildConfiguration;
			buildSettings = {
				ALWAYS_SEARCH_USER_PATHS = NO;
				CLANG_CXX_LANGUAGE_STANDARD = "gnu++0x";
				CLANG_CXX_LIBRARY = "libc++";
				CLANG_ENABLE_MODULES = YES;
				CLANG_ENABLE_OBJC_ARC = YES;
				CLANG_WARN_BOOL_CONVERSION = YES;
				CLANG_WARN_CONSTANT_CONVERSION = YES;
				CLANG_WARN_DIRECT_OBJC_ISA_USAGE = YES_ERROR;
				CLANG_WARN_EMPTY_BODY = YES;
				CLANG_WARN_ENUM_CONVERSION = YES;
				CLANG_WARN_INT_CONVERSION = YES;
				CLANG_WARN_OBJC_ROOT_CLASS = YES_ERROR;
				CLANG_WARN_UNREACHABLE_CODE = YES;
				CLANG_WARN__DUPLICATE_METHOD_MATCH = YES;
				"CODE_SIGN_IDENTITY[sdk=iphoneos*]" = "iPhone Developer";
				COPY_PHASE_STRIP = NO;
				DEBUG_INFORMATION_FORMAT = "dwarf-with-dsym";
				ENABLE_STRICT_OBJC_MSGSEND = YES;
				GCC_C_LANGUAGE_STANDARD = gnu99;
				GCC_DYNAMIC_NO_PIC = NO;
				GCC_NO_COMMON_BLOCKS = YES;
				GCC_OPTIMIZATION_LEVEL = 0;
				GCC_PREPROCESSOR_DEFINITIONS = (
					"DEBUG=1",
					"$(inherited)",
				);
				GCC_SYMBOLS_PRIVATE_EXTERN = NO;
				GCC_WARN_64_TO_32_BIT_CONVERSION = YES;
				GCC_WARN_ABOUT_RETURN_TYPE = YES_ERROR;
				GCC_WARN_UNDECLARED_SELECTOR = YES;
				GCC_WARN_UNINITIALIZED_AUTOS = YES_AGGRESSIVE;
				GCC_WARN_UNUSED_FUNCTION = YES;
				GCC_WARN_UNUSED_VARIABLE = YES;
				IPHONEOS_DEPLOYMENT_TARGET = 8.3;
				MTL_ENABLE_DEBUG_INFO = YES;
				ONLY_ACTIVE_ARCH = YES;
				SDKROOT = iphoneos;
				SWIFT_OPTIMIZATION_LEVEL = "-Onone";
				TARGETED_DEVICE_FAMILY = "1,2";
			};
			name = Debug;
		};
		8464AA7B1AF7B5510021F75A /* Release */ = {
			isa = XCBuildConfiguration;
			buildSettings = {
				ALWAYS_SEARCH_USER_PATHS = NO;
				CLANG_CXX_LANGUAGE_STANDARD = "gnu++0x";
				CLANG_CXX_LIBRARY = "libc++";
				CLANG_ENABLE_MODULES = YES;
				CLANG_ENABLE_OBJC_ARC = YES;
				CLANG_WARN_BOOL_CONVERSION = YES;
				CLANG_WARN_CONSTANT_CONVERSION = YES;
				CLANG_WARN_DIRECT_OBJC_ISA_USAGE = YES_ERROR;
				CLANG_WARN_EMPTY_BODY = YES;
				CLANG_WARN_ENUM_CONVERSION = YES;
				CLANG_WARN_INT_CONVERSION = YES;
				CLANG_WARN_OBJC_ROOT_CLASS = YES_ERROR;
				CLANG_WARN_UNREACHABLE_CODE = YES;
				CLANG_WARN__DUPLICATE_METHOD_MATCH = YES;
				"CODE_SIGN_IDENTITY[sdk=iphoneos*]" = "iPhone Developer";
				COPY_PHASE_STRIP = NO;
				DEBUG_INFORMATION_FORMAT = "dwarf-with-dsym";
				ENABLE_NS_ASSERTIONS = NO;
				ENABLE_STRICT_OBJC_MSGSEND = YES;
				GCC_C_LANGUAGE_STANDARD = gnu99;
				GCC_NO_COMMON_BLOCKS = YES;
				GCC_WARN_64_TO_32_BIT_CONVERSION = YES;
				GCC_WARN_ABOUT_RETURN_TYPE = YES_ERROR;
				GCC_WARN_UNDECLARED_SELECTOR = YES;
				GCC_WARN_UNINITIALIZED_AUTOS = YES_AGGRESSIVE;
				GCC_WARN_UNUSED_FUNCTION = YES;
				GCC_WARN_UNUSED_VARIABLE = YES;
				IPHONEOS_DEPLOYMENT_TARGET = 8.3;
				MTL_ENABLE_DEBUG_INFO = NO;
				SDKROOT = iphoneos;
				TARGETED_DEVICE_FAMILY = "1,2";
				VALIDATE_PRODUCT = YES;
			};
			name = Release;
		};
		8464AA7D1AF7B5510021F75A /* Debug */ = {
			isa = XCBuildConfiguration;
			buildSettings = {
				ASSETCATALOG_COMPILER_APPICON_NAME = AppIcon;
				INFOPLIST_FILE = drawer/Info.plist;
				LD_RUNPATH_SEARCH_PATHS = "$(inherited) @executable_path/Frameworks";
				PRODUCT_NAME = "$(TARGET_NAME)";
			};
			name = Debug;
		};
		8464AA7E1AF7B5510021F75A /* Release */ = {
			isa = XCBuildConfiguration;
			buildSettings = {
				ASSETCATALOG_COMPILER_APPICON_NAME = AppIcon;
				INFOPLIST_FILE = drawer/Info.plist;
				LD_RUNPATH_SEARCH_PATHS = "$(inherited) @executable_path/Frameworks";
				PRODUCT_NAME = "$(TARGET_NAME)";
			};
			name = Release;
		};
		8464AA801AF7B5510021F75A /* Debug */ = {
			isa = XCBuildConfiguration;
			buildSettings = {
				BUNDLE_LOADER = "$(TEST_HOST)";
				FRAMEWORK_SEARCH_PATHS = (
					"$(SDKROOT)/Developer/Library/Frameworks",
					"$(inherited)",
				);
				GCC_PREPROCESSOR_DEFINITIONS = (
					"DEBUG=1",
					"$(inherited)",
				);
				INFOPLIST_FILE = drawerTests/Info.plist;
				LD_RUNPATH_SEARCH_PATHS = "$(inherited) @executable_path/Frameworks @loader_path/Frameworks";
				PRODUCT_NAME = "$(TARGET_NAME)";
				TEST_HOST = "$(BUILT_PRODUCTS_DIR)/drawer.app/drawer";
			};
			name = Debug;
		};
		8464AA811AF7B5510021F75A /* Release */ = {
			isa = XCBuildConfiguration;
			buildSettings = {
				BUNDLE_LOADER = "$(TEST_HOST)";
				FRAMEWORK_SEARCH_PATHS = (
					"$(SDKROOT)/Developer/Library/Frameworks",
					"$(inherited)",
				);
				INFOPLIST_FILE = drawerTests/Info.plist;
				LD_RUNPATH_SEARCH_PATHS = "$(inherited) @executable_path/Frameworks @loader_path/Frameworks";
				PRODUCT_NAME = "$(TARGET_NAME)";
				TEST_HOST = "$(BUILT_PRODUCTS_DIR)/drawer.app/drawer";
			};
			name = Release;
		};
/* End XCBuildConfiguration section */

/* Begin XCConfigurationList section */
		8464AA581AF7B5500021F75A /* Build configuration list for PBXProject "drawer" */ = {
			isa = XCConfigurationList;
			buildConfigurations = (
				8464AA7A1AF7B5510021F75A /* Debug */,
				8464AA7B1AF7B5510021F75A /* Release */,
			);
			defaultConfigurationIsVisible = 0;
			defaultConfigurationName = Release;
		};
		8464AA7C1AF7B5510021F75A /* Build configuration list for PBXNativeTarget "drawer" */ = {
			isa = XCConfigurationList;
			buildConfigurations = (
				8464AA7D1AF7B5510021F75A /* Debug */,
				8464AA7E1AF7B5510021F75A /* Release */,
			);
			defaultConfigurationIsVisible = 0;
			defaultConfigurationName = Release;
		};
		8464AA7F1AF7B5510021F75A /* Build configuration list for PBXNativeTarget "drawerTests" */ = {
			isa = XCConfigurationList;
			buildConfigurations = (
				8464AA801AF7B5510021F75A /* Debug */,
				8464AA811AF7B5510021F75A /* Release */,
			);
			defaultConfigurationIsVisible = 0;
			defaultConfigurationName = Release;
		};
/* End XCConfigurationList section */
	};
	rootObject = 8464AA551AF7B5500021F75A /* Project object */;
}
